
Microsoft Visual Studio Solution File, Format Version 12.00
# Visual Studio Version 16
VisualStudioVersion = 16.0.29519.181
MinimumVisualStudioVersion = 10.0.40219.1
Project("{FAE04EC0-301F-11D3-BF4B-00C04F79EFBC}") = "Luxonish", "Luxonish\Luxonish.csproj", "{ECB71B67-A303-4FEC-9F1D-ADB992FEBBA6}"
EndProject
Project("{FAE04EC0-301F-11D3-BF4B-00C04F79EFBC}") = "Tests", "..\tests\Tests\Tests.csproj", "{1AEA115E-5C90-4E4C-854A-CFB7F241402E}"
EndProject
Global
	GlobalSection(SolutionConfigurationPlatforms) = preSolution
		Debug|Any CPU = Debug|Any CPU
		Release|Any CPU = Release|Any CPU
	EndGlobalSection
	GlobalSection(ProjectConfigurationPlatforms) = postSolution
		{ECB71B67-A303-4FEC-9F1D-ADB992FEBBA6}.Debug|Any CPU.ActiveCfg = Debug|Any CPU
		{ECB71B67-A303-4FEC-9F1D-ADB992FEBBA6}.Debug|Any CPU.Build.0 = Debug|Any CPU
		{ECB71B67-A303-4FEC-9F1D-ADB992FEBBA6}.Release|Any CPU.ActiveCfg = Release|Any CPU
		{ECB71B67-A303-4FEC-9F1D-ADB992FEBBA6}.Release|Any CPU.Build.0 = Release|Any CPU
		{1AEA115E-5C90-4E4C-854A-CFB7F241402E}.Debug|Any CPU.ActiveCfg = Debug|Any CPU
		{1AEA115E-5C90-4E4C-854A-CFB7F241402E}.Debug|Any CPU.Build.0 = Debug|Any CPU
		{1AEA115E-5C90-4E4C-854A-CFB7F241402E}.Release|Any CPU.ActiveCfg = Release|Any CPU
		{1AEA115E-5C90-4E4C-854A-CFB7F241402E}.Release|Any CPU.Build.0 = Release|Any CPU
	EndGlobalSection
	GlobalSection(SolutionProperties) = preSolution
		HideSolutionNode = FALSE
	EndGlobalSection
	GlobalSection(ExtensibilityGlobals) = postSolution
		SolutionGuid = {CFA5AC78-D77A-40D6-A390-20F03EAC224A}
	EndGlobalSection
EndGlobal
